
Microsoft Visual Studio Solution File, Format Version 12.00
# Visual Studio Version 17
VisualStudioVersion = 17.11.35327.3
MinimumVisualStudioVersion = 10.0.40219.1
Project("{9A19103F-16F7-4668-BE54-9A1E7A4F7556}") = "EsvalTK", "EsvalTK\EsvalTK.csproj", "{010B8FF4-AED4-467B-91A5-66616ED3308D}"
EndProject
Project("{FAE04EC0-301F-11D3-BF4B-00C04F79EFBC}") = "EsvalTK.Tests", "EsvalTK.Tests\EsvalTK.Tests.csproj", "{6D281AA3-17CB-45F6-B497-E5C83B2204DE}"
EndProject
Project("{2150E333-8FDC-42A3-9474-1A3956D46DE8}") = "Codigo_ESP32", "Codigo_ESP32", "{752D1D33-8BA4-43D9-B12C-E707379A5D27}"
	ProjectSection(SolutionItems) = preProject
		Codigo_Antena.cpp = Codigo_Antena.cpp
		Codigo_Sensor.cpp = Codigo_Sensor.cpp
	EndProjectSection
EndProject
Global
	GlobalSection(SolutionConfigurationPlatforms) = preSolution
		Debug|Any CPU = Debug|Any CPU
		Release|Any CPU = Release|Any CPU
	EndGlobalSection
	GlobalSection(ProjectConfigurationPlatforms) = postSolution
		{010B8FF4-AED4-467B-91A5-66616ED3308D}.Debug|Any CPU.ActiveCfg = Debug|Any CPU
		{010B8FF4-AED4-467B-91A5-66616ED3308D}.Debug|Any CPU.Build.0 = Debug|Any CPU
		{010B8FF4-AED4-467B-91A5-66616ED3308D}.Release|Any CPU.ActiveCfg = Release|Any CPU
		{010B8FF4-AED4-467B-91A5-66616ED3308D}.Release|Any CPU.Build.0 = Release|Any CPU
		{6D281AA3-17CB-45F6-B497-E5C83B2204DE}.Debug|Any CPU.ActiveCfg = Debug|Any CPU
		{6D281AA3-17CB-45F6-B497-E5C83B2204DE}.Debug|Any CPU.Build.0 = Debug|Any CPU
		{6D281AA3-17CB-45F6-B497-E5C83B2204DE}.Release|Any CPU.ActiveCfg = Release|Any CPU
		{6D281AA3-17CB-45F6-B497-E5C83B2204DE}.Release|Any CPU.Build.0 = Release|Any CPU
	EndGlobalSection
	GlobalSection(SolutionProperties) = preSolution
		HideSolutionNode = FALSE
	EndGlobalSection
	GlobalSection(ExtensibilityGlobals) = postSolution
		SolutionGuid = {F019A566-1122-4FF0-B088-8EA726D1C945}
	EndGlobalSection
EndGlobal
